
Microsoft Visual Studio Solution File, Format Version 12.00
# Visual Studio 14
VisualStudioVersion = 14.0.25420.1
MinimumVisualStudioVersion = 10.0.40219.1
Project("{FAE04EC0-301F-11D3-BF4B-00C04F79EFBC}") = "Life", "Life\Life.csproj", "{D506EC5F-76B7-4C52-B200-BE2DA1991069}"
EndProject
Global
	GlobalSection(SolutionConfigurationPlatforms) = preSolution
		Debug|Any CPU = Debug|Any CPU
		Release|Any CPU = Release|Any CPU
	EndGlobalSection
	GlobalSection(ProjectConfigurationPlatforms) = postSolution
		{D506EC5F-76B7-4C52-B200-BE2DA1991069}.Debug|Any CPU.ActiveCfg = Debug|Any CPU
		{D506EC5F-76B7-4C52-B200-BE2DA1991069}.Debug|Any CPU.Build.0 = Debug|Any CPU
		{D506EC5F-76B7-4C52-B200-BE2DA1991069}.Release|Any CPU.ActiveCfg = Release|Any CPU
		{D506EC5F-76B7-4C52-B200-BE2DA1991069}.Release|Any CPU.Build.0 = Release|Any CPU
	EndGlobalSection
	GlobalSection(SolutionProperties) = preSolution
		HideSolutionNode = FALSE
	EndGlobalSection
EndGlobal
